# This file was autogenerated by uv via the following command:
#    uv pip compile pyproject.toml -o requirements.lock
absl-py==2.5.0
    # via mujoco
etils==1.14.0
    # via mujoco
fsspec==2026.7.0
    # via etils
glfw==2.10.2
    # via mujoco
llvmlite==0.44.0
    # via numba
mujoco==3.3.7
    # via gangnamfly (pyproject.toml)
numba==0.61.2
    # via gangnamfly (pyproject.toml)
numpy==1.26.4
    # via
    #   gangnamfly (pyproject.toml)
    #   mujoco
    #   numba
    #   pandas
    #   scipy
pandas==2.2.3
    # via gangnamfly (pyproject.toml)
pyarrow==23.0.1
    # via gangnamfly (pyproject.toml)
pyopengl==3.1.10
    # via mujoco
python-dateutil==2.9.0.post0
    # via pandas
pytz==2026.3.post1
    # via pandas
scipy==1.14.1
    # via gangnamfly (pyproject.toml)
six==1.17.0
    # via python-dateutil
typing-extensions==4.16.0
    # via etils
tzdata==2026.3
    # via pandas
zipp==4.1.0
    # via etils
